{
  "name": "ical",
  "version": "1.0.0",
  "lockfileVersion": 1,
  "requires": true,
  "dependencies": {
    "@touch4it/ical-timezones": {
      "version": "1.8.1",
      "resolved": "https://registry.nlark.com/@touch4it/ical-timezones/download/@touch4it/ical-timezones-1.8.1.tgz",
      "integrity": "sha1-nzRhI82QQlg/c5ZrKRa+OmLi2FA="
    },
    "ical-generator": {
      "version": "3.0.0",
      "resolved": "https://registry.nlark.com/ical-generator/download/ical-generator-3.0.0.tgz",
      "integrity": "sha1-BCp8HSzoyuFCi8HqUajb5riHL80=",
      "requires": {
        "uuid-random": "^1.3.2"
      }
    },
    "moment": {
      "version": "2.29.1",
      "resolved": "https://registry.nlark.com/moment/download/moment-2.29.1.tgz",
      "integrity": "sha1-sr52n6MZQL6e7qZGnAdeNQBvo9M="
    },
    "moment-timezone": {
      "version": "0.5.33",
      "resolved": "https://registry.nlark.com/moment-timezone/download/moment-timezone-0.5.33.tgz",
      "integrity": "sha1-slL9a7V/NBybWaWrYajlGnO70iw=",
      "requires": {
        "moment": ">= 2.9.0"
      }
    },
    "uuid-random": {
      "version": "1.3.2",
      "resolved": "https://registry.npm.taobao.org/uuid-random/download/uuid-random-1.3.2.tgz",
      "integrity": "sha1-lnFe26706Esdz1AksA0W8wIg4tA="
    }
  }
}
